{
    "_meta": {
        "hash": {
            "sha256": "82e35b05832abcdd4020a4f01b566f5151128356e59356794bc3279e40a44d62"
        },
        "pipfile-spec": 6,
        "requires": {
            "python_version": "3.10"
        },
        "sources": [
            {
                "name": "pypi",
                "url": "https://pypi.org/simple",
                "verify_ssl": true
            }
        ]
    },
    "default": {
        "scapy": {
            "editable": true,
            "path": "./scapy"
        }
    },
    "develop": {}
}
